
Microsoft Visual Studio Solution File, Format Version 12.00
# Visual Studio Version 17
VisualStudioVersion = 17.5.002.0
MinimumVisualStudioVersion = 10.0.40219.1
Project("{9A19103F-16F7-4668-BE54-9A1E7A4F7556}") = "Projeto2", "Projeto2.csproj", "{9520A9E8-0C52-4FBC-A103-B6CF12ECB538}"
EndProject
Global
	GlobalSection(SolutionConfigurationPlatforms) = preSolution
		Debug|Any CPU = Debug|Any CPU
		Release|Any CPU = Release|Any CPU
	EndGlobalSection
	GlobalSection(ProjectConfigurationPlatforms) = postSolution
		{9520A9E8-0C52-4FBC-A103-B6CF12ECB538}.Debug|Any CPU.ActiveCfg = Debug|Any CPU
		{9520A9E8-0C52-4FBC-A103-B6CF12ECB538}.Debug|Any CPU.Build.0 = Debug|Any CPU
		{9520A9E8-0C52-4FBC-A103-B6CF12ECB538}.Release|Any CPU.ActiveCfg = Release|Any CPU
		{9520A9E8-0C52-4FBC-A103-B6CF12ECB538}.Release|Any CPU.Build.0 = Release|Any CPU
	EndGlobalSection
	GlobalSection(SolutionProperties) = preSolution
		HideSolutionNode = FALSE
	EndGlobalSection
	GlobalSection(ExtensibilityGlobals) = postSolution
		SolutionGuid = {C82C7522-3AB1-4D08-8CB5-1E61E97A5320}
	EndGlobalSection
EndGlobal
